{
  "name": "maps",
  "version": "1.0.0",
  "lockfileVersion": 1,
  "requires": true,
  "dependencies": {
    "@types/faker": {
      "version": "4.1.8",
      "resolved": "https://registry.npmjs.org/@types/faker/-/faker-4.1.8.tgz",
      "integrity": "sha512-9ARxZRyXXCMMf8KjYhnD+GHE789HGwIqa1dolCRl/C6ExwvBIUmnIktLeY71TPmFOQiU3DQwrbQEX0pkyqX1tQ==",
      "dev": true
    },
    "@types/googlemaps": {
      "version": "3.38.1",
      "resolved": "https://registry.npmjs.org/@types/googlemaps/-/googlemaps-3.38.1.tgz",
      "integrity": "sha512-6rVIwaJOKXAMzg+Cz22+fJkgQd8IMK8q9DBSL3Wg9GAffGCy71MdTEf+8T9bIa4mvC0DClEsyzwrOfuf9rM0Zg==",
      "dev": true
    },
    "faker": {
      "version": "4.1.0",
      "resolved": "https://registry.npmjs.org/faker/-/faker-4.1.0.tgz",
      "integrity": "sha1-HkW7vsxndLPBlfrSg1EJxtdIzD8="
    }
  }
}
